
Microsoft Visual Studio Solution File, Format Version 12.00
# Visual Studio 2013
VisualStudioVersion = 12.0.21005.1
MinimumVisualStudioVersion = 10.0.40219.1
Project("{FAE04EC0-301F-11D3-BF4B-00C04F79EFBC}") = "IdentMatrix", "IdentMatrix\IdentMatrix.csproj", "{6A8319CA-EE47-41D1-8B9C-7D837E817725}"
EndProject
Project("{00D1A9C2-B5F0-4AF3-8072-F6C62B433612}") = "MatrixDB", "MatrixDB\MatrixDB.sqlproj", "{195CD91C-2EA4-40AC-9FDD-EF62B523A26A}"
EndProject
Global
	GlobalSection(SolutionConfigurationPlatforms) = preSolution
		Debug|Any CPU = Debug|Any CPU
		Release|Any CPU = Release|Any CPU
	EndGlobalSection
	GlobalSection(ProjectConfigurationPlatforms) = postSolution
		{6A8319CA-EE47-41D1-8B9C-7D837E817725}.Debug|Any CPU.ActiveCfg = Debug|Any CPU
		{6A8319CA-EE47-41D1-8B9C-7D837E817725}.Debug|Any CPU.Build.0 = Debug|Any CPU
		{6A8319CA-EE47-41D1-8B9C-7D837E817725}.Release|Any CPU.ActiveCfg = Release|Any CPU
		{6A8319CA-EE47-41D1-8B9C-7D837E817725}.Release|Any CPU.Build.0 = Release|Any CPU
		{195CD91C-2EA4-40AC-9FDD-EF62B523A26A}.Debug|Any CPU.ActiveCfg = Debug|Any CPU
		{195CD91C-2EA4-40AC-9FDD-EF62B523A26A}.Debug|Any CPU.Build.0 = Debug|Any CPU
		{195CD91C-2EA4-40AC-9FDD-EF62B523A26A}.Debug|Any CPU.Deploy.0 = Debug|Any CPU
		{195CD91C-2EA4-40AC-9FDD-EF62B523A26A}.Release|Any CPU.ActiveCfg = Release|Any CPU
		{195CD91C-2EA4-40AC-9FDD-EF62B523A26A}.Release|Any CPU.Build.0 = Release|Any CPU
		{195CD91C-2EA4-40AC-9FDD-EF62B523A26A}.Release|Any CPU.Deploy.0 = Release|Any CPU
	EndGlobalSection
	GlobalSection(SolutionProperties) = preSolution
		HideSolutionNode = FALSE
	EndGlobalSection
EndGlobal
